
Microsoft Visual Studio Solution File, Format Version 12.00
# Visual Studio Version 17
VisualStudioVersion = 17.8.34309.116
MinimumVisualStudioVersion = 10.0.40219.1
Project("{FAE04EC0-301F-11D3-BF4B-00C04F79EFBC}") = "CandidateTest", "CandidateTest.csproj", "{2B844645-FA77-4146-AD9E-A6964F77B8F7}"
EndProject
Global
	GlobalSection(SolutionConfigurationPlatforms) = preSolution
		Debug|Any CPU = Debug|Any CPU
		Release|Any CPU = Release|Any CPU
	EndGlobalSection
	GlobalSection(ProjectConfigurationPlatforms) = postSolution
		{2B844645-FA77-4146-AD9E-A6964F77B8F7}.Debug|Any CPU.ActiveCfg = Debug|Any CPU
		{2B844645-FA77-4146-AD9E-A6964F77B8F7}.Debug|Any CPU.Build.0 = Debug|Any CPU
		{2B844645-FA77-4146-AD9E-A6964F77B8F7}.Release|Any CPU.ActiveCfg = Release|Any CPU
		{2B844645-FA77-4146-AD9E-A6964F77B8F7}.Release|Any CPU.Build.0 = Release|Any CPU
	EndGlobalSection
	GlobalSection(SolutionProperties) = preSolution
		HideSolutionNode = FALSE
	EndGlobalSection
	GlobalSection(ExtensibilityGlobals) = postSolution
		SolutionGuid = {D74E0D60-D06E-4506-99E1-741AB487BF28}
	EndGlobalSection
EndGlobal
